
Microsoft Visual Studio Solution File, Format Version 12.00
# Visual Studio Version 17
VisualStudioVersion = 17.1.32421.90
MinimumVisualStudioVersion = 10.0.40219.1
Project("{FAE04EC0-301F-11D3-BF4B-00C04F79EFBC}") = "ProjetoTeste", "ProjetoTeste\ProjetoTeste.csproj", "{36484BB7-5658-4BC6-874D-8613DA8EEB64}"
EndProject
Project("{FAE04EC0-301F-11D3-BF4B-00C04F79EFBC}") = "TestMSTest", "TestMSTest\TestMSTest.csproj", "{1C42ADC5-90FC-4524-A6D5-ABA79EA9EA7D}"
EndProject
Project("{FAE04EC0-301F-11D3-BF4B-00C04F79EFBC}") = "TestXUnit", "TestXUnit\TestXUnit.csproj", "{A3594883-DF55-427E-84B3-765FD577C4CF}"
EndProject
Global
	GlobalSection(SolutionConfigurationPlatforms) = preSolution
		Debug|Any CPU = Debug|Any CPU
		Release|Any CPU = Release|Any CPU
	EndGlobalSection
	GlobalSection(ProjectConfigurationPlatforms) = postSolution
		{36484BB7-5658-4BC6-874D-8613DA8EEB64}.Debug|Any CPU.ActiveCfg = Debug|Any CPU
		{36484BB7-5658-4BC6-874D-8613DA8EEB64}.Debug|Any CPU.Build.0 = Debug|Any CPU
		{36484BB7-5658-4BC6-874D-8613DA8EEB64}.Release|Any CPU.ActiveCfg = Release|Any CPU
		{36484BB7-5658-4BC6-874D-8613DA8EEB64}.Release|Any CPU.Build.0 = Release|Any CPU
		{1C42ADC5-90FC-4524-A6D5-ABA79EA9EA7D}.Debug|Any CPU.ActiveCfg = Debug|Any CPU
		{1C42ADC5-90FC-4524-A6D5-ABA79EA9EA7D}.Debug|Any CPU.Build.0 = Debug|Any CPU
		{1C42ADC5-90FC-4524-A6D5-ABA79EA9EA7D}.Release|Any CPU.ActiveCfg = Release|Any CPU
		{1C42ADC5-90FC-4524-A6D5-ABA79EA9EA7D}.Release|Any CPU.Build.0 = Release|Any CPU
		{A3594883-DF55-427E-84B3-765FD577C4CF}.Debug|Any CPU.ActiveCfg = Debug|Any CPU
		{A3594883-DF55-427E-84B3-765FD577C4CF}.Debug|Any CPU.Build.0 = Debug|Any CPU
		{A3594883-DF55-427E-84B3-765FD577C4CF}.Release|Any CPU.ActiveCfg = Release|Any CPU
		{A3594883-DF55-427E-84B3-765FD577C4CF}.Release|Any CPU.Build.0 = Release|Any CPU
	EndGlobalSection
	GlobalSection(SolutionProperties) = preSolution
		HideSolutionNode = FALSE
	EndGlobalSection
	GlobalSection(ExtensibilityGlobals) = postSolution
		SolutionGuid = {5F1F39F5-C078-4A6F-9B81-54D3CCD41D5A}
	EndGlobalSection
EndGlobal
